
Microsoft Visual Studio Solution File, Format Version 12.00
# Visual Studio 15
VisualStudioVersion = 15.0.28307.136
MinimumVisualStudioVersion = 10.0.40219.1
Project("{FAE04EC0-301F-11D3-BF4B-00C04F79EFBC}") = "resume", "resume\resume.csproj", "{6545279E-7D78-4F5E-8296-B0F0B7E600AF}"
EndProject
Global
	GlobalSection(SolutionConfigurationPlatforms) = preSolution
		Debug|Any CPU = Debug|Any CPU
		Release|Any CPU = Release|Any CPU
	EndGlobalSection
	GlobalSection(ProjectConfigurationPlatforms) = postSolution
		{6545279E-7D78-4F5E-8296-B0F0B7E600AF}.Debug|Any CPU.ActiveCfg = Debug|Any CPU
		{6545279E-7D78-4F5E-8296-B0F0B7E600AF}.Debug|Any CPU.Build.0 = Debug|Any CPU
		{6545279E-7D78-4F5E-8296-B0F0B7E600AF}.Release|Any CPU.ActiveCfg = Release|Any CPU
		{6545279E-7D78-4F5E-8296-B0F0B7E600AF}.Release|Any CPU.Build.0 = Release|Any CPU
	EndGlobalSection
	GlobalSection(SolutionProperties) = preSolution
		HideSolutionNode = FALSE
	EndGlobalSection
	GlobalSection(ExtensibilityGlobals) = postSolution
		SolutionGuid = {45879F22-6675-436D-9513-3C81F2269EAD}
	EndGlobalSection
EndGlobal
