
Microsoft Visual Studio Solution File, Format Version 12.00
# Visual Studio Version 16
VisualStudioVersion = 16.0.29613.14
MinimumVisualStudioVersion = 10.0.40219.1
Project("{FAE04EC0-301F-11D3-BF4B-00C04F79EFBC}") = "resume-3.1", "resume-3.1\resume-3.1.csproj", "{BEF9D823-4AFA-4A98-9CEA-ADDB1FF6B581}"
EndProject
Global
	GlobalSection(SolutionConfigurationPlatforms) = preSolution
		Debug|Any CPU = Debug|Any CPU
		Release|Any CPU = Release|Any CPU
	EndGlobalSection
	GlobalSection(ProjectConfigurationPlatforms) = postSolution
		{BEF9D823-4AFA-4A98-9CEA-ADDB1FF6B581}.Debug|Any CPU.ActiveCfg = Debug|Any CPU
		{BEF9D823-4AFA-4A98-9CEA-ADDB1FF6B581}.Debug|Any CPU.Build.0 = Debug|Any CPU
		{BEF9D823-4AFA-4A98-9CEA-ADDB1FF6B581}.Release|Any CPU.ActiveCfg = Release|Any CPU
		{BEF9D823-4AFA-4A98-9CEA-ADDB1FF6B581}.Release|Any CPU.Build.0 = Release|Any CPU
	EndGlobalSection
	GlobalSection(SolutionProperties) = preSolution
		HideSolutionNode = FALSE
	EndGlobalSection
	GlobalSection(ExtensibilityGlobals) = postSolution
		SolutionGuid = {8D4C2E48-F4AE-4A1C-A63E-7AAF15219DB0}
	EndGlobalSection
EndGlobal
